
Microsoft Visual Studio Solution File, Format Version 12.00
# Visual Studio Version 16
VisualStudioVersion = 16.0.29123.88
MinimumVisualStudioVersion = 10.0.40219.1
Project("{FAE04EC0-301F-11D3-BF4B-00C04F79EFBC}") = "GTI_Dal", "GTI_Dal\GTI_Dal.csproj", "{4405EA88-83F9-4D7A-8D77-CBC8CF85E205}"
EndProject
Project("{FAE04EC0-301F-11D3-BF4B-00C04F79EFBC}") = "GTI_Bll", "GTI_Bll\GTI_Bll.csproj", "{9B7B83DB-4417-4143-B465-52FE4870D2E0}"
EndProject
Project("{FAE04EC0-301F-11D3-BF4B-00C04F79EFBC}") = "GTI_Models", "GTI_Models\GTI_Models.csproj", "{859B188D-0D59-418E-AF77-5235B79087F4}"
EndProject
Project("{FAE04EC0-301F-11D3-BF4B-00C04F79EFBC}") = "GTI_Desktop", "GTI_Desktop\GTI_Desktop.csproj", "{9F2D568A-06F6-4E5D-BAA7-87801E152741}"
EndProject
Global
	GlobalSection(SolutionConfigurationPlatforms) = preSolution
		Debug|Any CPU = Debug|Any CPU
		Release|Any CPU = Release|Any CPU
	EndGlobalSection
	GlobalSection(ProjectConfigurationPlatforms) = postSolution
		{4405EA88-83F9-4D7A-8D77-CBC8CF85E205}.Debug|Any CPU.ActiveCfg = Debug|Any CPU
		{4405EA88-83F9-4D7A-8D77-CBC8CF85E205}.Debug|Any CPU.Build.0 = Debug|Any CPU
		{4405EA88-83F9-4D7A-8D77-CBC8CF85E205}.Release|Any CPU.ActiveCfg = Release|Any CPU
		{4405EA88-83F9-4D7A-8D77-CBC8CF85E205}.Release|Any CPU.Build.0 = Release|Any CPU
		{9B7B83DB-4417-4143-B465-52FE4870D2E0}.Debug|Any CPU.ActiveCfg = Debug|Any CPU
		{9B7B83DB-4417-4143-B465-52FE4870D2E0}.Debug|Any CPU.Build.0 = Debug|Any CPU
		{9B7B83DB-4417-4143-B465-52FE4870D2E0}.Release|Any CPU.ActiveCfg = Release|Any CPU
		{9B7B83DB-4417-4143-B465-52FE4870D2E0}.Release|Any CPU.Build.0 = Release|Any CPU
		{859B188D-0D59-418E-AF77-5235B79087F4}.Debug|Any CPU.ActiveCfg = Debug|Any CPU
		{859B188D-0D59-418E-AF77-5235B79087F4}.Debug|Any CPU.Build.0 = Debug|Any CPU
		{859B188D-0D59-418E-AF77-5235B79087F4}.Release|Any CPU.ActiveCfg = Release|Any CPU
		{859B188D-0D59-418E-AF77-5235B79087F4}.Release|Any CPU.Build.0 = Release|Any CPU
		{9F2D568A-06F6-4E5D-BAA7-87801E152741}.Debug|Any CPU.ActiveCfg = Debug|Any CPU
		{9F2D568A-06F6-4E5D-BAA7-87801E152741}.Debug|Any CPU.Build.0 = Debug|Any CPU
		{9F2D568A-06F6-4E5D-BAA7-87801E152741}.Release|Any CPU.ActiveCfg = Release|Any CPU
		{9F2D568A-06F6-4E5D-BAA7-87801E152741}.Release|Any CPU.Build.0 = Release|Any CPU
	EndGlobalSection
	GlobalSection(SolutionProperties) = preSolution
		HideSolutionNode = FALSE
	EndGlobalSection
	GlobalSection(ExtensibilityGlobals) = postSolution
		SolutionGuid = {959DB19A-188B-43EE-84A5-FBC2BC6455C0}
	EndGlobalSection
EndGlobal
